
Microsoft Visual Studio Solution File, Format Version 12.00
# Visual Studio Version 17
VisualStudioVersion = 17.11.35312.102
MinimumVisualStudioVersion = 10.0.40219.1
Project("{2150E333-8FDC-42A3-9474-1A3956D46DE8}") = "Src", "Src", "{AC96BFFB-4FED-4E43-B153-A49643BF968C}"
EndProject
Project("{2150E333-8FDC-42A3-9474-1A3956D46DE8}") = "Test", "Test", "{A8EBE3EE-85B9-472F-A06D-00FCEFB2CAE1}"
EndProject
Project("{2150E333-8FDC-42A3-9474-1A3956D46DE8}") = "Core", "Core", "{48EF9283-D459-4985-8375-F02C80E7A516}"
EndProject
Project("{2150E333-8FDC-42A3-9474-1A3956D46DE8}") = "Infrastucture", "Infrastucture", "{3E79EF51-5093-49B3-8EE8-4A60BBD153D2}"
EndProject
Project("{2150E333-8FDC-42A3-9474-1A3956D46DE8}") = "Presentation", "Presentation", "{62725C06-5A47-4395-9AD2-C3C39A909F3C}"
EndProject
Project("{9A19103F-16F7-4668-BE54-9A1E7A4F7556}") = "Application", "Application\Application.csproj", "{98AF8EFE-3439-45A6-98D8-B54FC6C6E357}"
EndProject
Project("{9A19103F-16F7-4668-BE54-9A1E7A4F7556}") = "Domain", "Domain\Domain.csproj", "{8B05F817-4C00-42E3-A4A2-FD867CAD9E71}"
EndProject
Project("{9A19103F-16F7-4668-BE54-9A1E7A4F7556}") = "Data.SqlServer", "Data.SqlServer\Data.SqlServer.csproj", "{13104DF0-CACC-40E1-BBA7-6BE9D890850E}"
EndProject
Project("{9A19103F-16F7-4668-BE54-9A1E7A4F7556}") = "Repository", "Repository\Repository.csproj", "{B5EE1F0F-A56B-4D18-B3F8-4DB7C0185548}"
EndProject
Project("{9A19103F-16F7-4668-BE54-9A1E7A4F7556}") = "WebApI", "WebApI\WebApI.csproj", "{18930369-E660-450C-8B80-A8A309EE75C8}"
EndProject
Project("{FAE04EC0-301F-11D3-BF4B-00C04F79EFBC}") = "AppointmentMangement.Test", "AppointmentMangement.Test\AppointmentMangement.Test.csproj", "{73CA5004-D6D7-417B-9634-C48151201D57}"
EndProject
Global
	GlobalSection(SolutionConfigurationPlatforms) = preSolution
		Debug|Any CPU = Debug|Any CPU
		Release|Any CPU = Release|Any CPU
	EndGlobalSection
	GlobalSection(ProjectConfigurationPlatforms) = postSolution
		{98AF8EFE-3439-45A6-98D8-B54FC6C6E357}.Debug|Any CPU.ActiveCfg = Debug|Any CPU
		{98AF8EFE-3439-45A6-98D8-B54FC6C6E357}.Debug|Any CPU.Build.0 = Debug|Any CPU
		{98AF8EFE-3439-45A6-98D8-B54FC6C6E357}.Release|Any CPU.ActiveCfg = Release|Any CPU
		{98AF8EFE-3439-45A6-98D8-B54FC6C6E357}.Release|Any CPU.Build.0 = Release|Any CPU
		{8B05F817-4C00-42E3-A4A2-FD867CAD9E71}.Debug|Any CPU.ActiveCfg = Debug|Any CPU
		{8B05F817-4C00-42E3-A4A2-FD867CAD9E71}.Debug|Any CPU.Build.0 = Debug|Any CPU
		{8B05F817-4C00-42E3-A4A2-FD867CAD9E71}.Release|Any CPU.ActiveCfg = Release|Any CPU
		{8B05F817-4C00-42E3-A4A2-FD867CAD9E71}.Release|Any CPU.Build.0 = Release|Any CPU
		{13104DF0-CACC-40E1-BBA7-6BE9D890850E}.Debug|Any CPU.ActiveCfg = Debug|Any CPU
		{13104DF0-CACC-40E1-BBA7-6BE9D890850E}.Debug|Any CPU.Build.0 = Debug|Any CPU
		{13104DF0-CACC-40E1-BBA7-6BE9D890850E}.Release|Any CPU.ActiveCfg = Release|Any CPU
		{13104DF0-CACC-40E1-BBA7-6BE9D890850E}.Release|Any CPU.Build.0 = Release|Any CPU
		{B5EE1F0F-A56B-4D18-B3F8-4DB7C0185548}.Debug|Any CPU.ActiveCfg = Debug|Any CPU
		{B5EE1F0F-A56B-4D18-B3F8-4DB7C0185548}.Debug|Any CPU.Build.0 = Debug|Any CPU
		{B5EE1F0F-A56B-4D18-B3F8-4DB7C0185548}.Release|Any CPU.ActiveCfg = Release|Any CPU
		{B5EE1F0F-A56B-4D18-B3F8-4DB7C0185548}.Release|Any CPU.Build.0 = Release|Any CPU
		{18930369-E660-450C-8B80-A8A309EE75C8}.Debug|Any CPU.ActiveCfg = Debug|Any CPU
		{18930369-E660-450C-8B80-A8A309EE75C8}.Debug|Any CPU.Build.0 = Debug|Any CPU
		{18930369-E660-450C-8B80-A8A309EE75C8}.Release|Any CPU.ActiveCfg = Release|Any CPU
		{18930369-E660-450C-8B80-A8A309EE75C8}.Release|Any CPU.Build.0 = Release|Any CPU
		{73CA5004-D6D7-417B-9634-C48151201D57}.Debug|Any CPU.ActiveCfg = Debug|Any CPU
		{73CA5004-D6D7-417B-9634-C48151201D57}.Debug|Any CPU.Build.0 = Debug|Any CPU
		{73CA5004-D6D7-417B-9634-C48151201D57}.Release|Any CPU.ActiveCfg = Release|Any CPU
		{73CA5004-D6D7-417B-9634-C48151201D57}.Release|Any CPU.Build.0 = Release|Any CPU
	EndGlobalSection
	GlobalSection(SolutionProperties) = preSolution
		HideSolutionNode = FALSE
	EndGlobalSection
	GlobalSection(NestedProjects) = preSolution
		{48EF9283-D459-4985-8375-F02C80E7A516} = {AC96BFFB-4FED-4E43-B153-A49643BF968C}
		{3E79EF51-5093-49B3-8EE8-4A60BBD153D2} = {AC96BFFB-4FED-4E43-B153-A49643BF968C}
		{62725C06-5A47-4395-9AD2-C3C39A909F3C} = {AC96BFFB-4FED-4E43-B153-A49643BF968C}
		{98AF8EFE-3439-45A6-98D8-B54FC6C6E357} = {48EF9283-D459-4985-8375-F02C80E7A516}
		{8B05F817-4C00-42E3-A4A2-FD867CAD9E71} = {48EF9283-D459-4985-8375-F02C80E7A516}
		{13104DF0-CACC-40E1-BBA7-6BE9D890850E} = {3E79EF51-5093-49B3-8EE8-4A60BBD153D2}
		{B5EE1F0F-A56B-4D18-B3F8-4DB7C0185548} = {3E79EF51-5093-49B3-8EE8-4A60BBD153D2}
		{18930369-E660-450C-8B80-A8A309EE75C8} = {62725C06-5A47-4395-9AD2-C3C39A909F3C}
		{73CA5004-D6D7-417B-9634-C48151201D57} = {A8EBE3EE-85B9-472F-A06D-00FCEFB2CAE1}
	EndGlobalSection
	GlobalSection(ExtensibilityGlobals) = postSolution
		SolutionGuid = {33D9F364-4DB7-454E-AA47-FE162B5F80CA}
	EndGlobalSection
EndGlobal
